
Microsoft Visual Studio Solution File, Format Version 12.00
# Visual Studio Version 17
VisualStudioVersion = 17.11.35222.181
MinimumVisualStudioVersion = 10.0.40219.1
Project("{8BC9CEB8-8B4A-11D0-8D11-00A0C91BC942}") = "mazegame", "mazegame\mazegame.vcxproj", "{E848E22D-0705-45F1-A6A5-D06EEF9D55FB}"
EndProject
Global
	GlobalSection(SolutionConfigurationPlatforms) = preSolution
		Debug|x64 = Debug|x64
		Debug|x86 = Debug|x86
		Release|x64 = Release|x64
		Release|x86 = Release|x86
	EndGlobalSection
	GlobalSection(ProjectConfigurationPlatforms) = postSolution
		{E848E22D-0705-45F1-A6A5-D06EEF9D55FB}.Debug|x64.ActiveCfg = Debug|x64
		{E848E22D-0705-45F1-A6A5-D06EEF9D55FB}.Debug|x64.Build.0 = Debug|x64
		{E848E22D-0705-45F1-A6A5-D06EEF9D55FB}.Debug|x86.ActiveCfg = Debug|Win32
		{E848E22D-0705-45F1-A6A5-D06EEF9D55FB}.Debug|x86.Build.0 = Debug|Win32
		{E848E22D-0705-45F1-A6A5-D06EEF9D55FB}.Release|x64.ActiveCfg = Release|x64
		{E848E22D-0705-45F1-A6A5-D06EEF9D55FB}.Release|x64.Build.0 = Release|x64
		{E848E22D-0705-45F1-A6A5-D06EEF9D55FB}.Release|x86.ActiveCfg = Release|Win32
		{E848E22D-0705-45F1-A6A5-D06EEF9D55FB}.Release|x86.Build.0 = Release|Win32
	EndGlobalSection
	GlobalSection(SolutionProperties) = preSolution
		HideSolutionNode = FALSE
	EndGlobalSection
	GlobalSection(ExtensibilityGlobals) = postSolution
		SolutionGuid = {3CDB5B7C-C53D-4671-81F0-64C6FA921509}
	EndGlobalSection
EndGlobal
