
Microsoft Visual Studio Solution File, Format Version 12.00
# Visual Studio Version 17
VisualStudioVersion = 17.11.35222.181
MinimumVisualStudioVersion = 10.0.40219.1
Project("{FAE04EC0-301F-11D3-BF4B-00C04F79EFBC}") = "Monopoly", "Monopoly\Monopoly.csproj", "{5C6F934B-B3AD-45CC-87FB-6E5A0937F243}"
EndProject
Global
	GlobalSection(SolutionConfigurationPlatforms) = preSolution
		Debug|Any CPU = Debug|Any CPU
		Release|Any CPU = Release|Any CPU
	EndGlobalSection
	GlobalSection(ProjectConfigurationPlatforms) = postSolution
		{5C6F934B-B3AD-45CC-87FB-6E5A0937F243}.Debug|Any CPU.ActiveCfg = Debug|Any CPU
		{5C6F934B-B3AD-45CC-87FB-6E5A0937F243}.Debug|Any CPU.Build.0 = Debug|Any CPU
		{5C6F934B-B3AD-45CC-87FB-6E5A0937F243}.Release|Any CPU.ActiveCfg = Release|Any CPU
		{5C6F934B-B3AD-45CC-87FB-6E5A0937F243}.Release|Any CPU.Build.0 = Release|Any CPU
	EndGlobalSection
	GlobalSection(SolutionProperties) = preSolution
		HideSolutionNode = FALSE
	EndGlobalSection
	GlobalSection(ExtensibilityGlobals) = postSolution
		SolutionGuid = {CF23D243-7014-445E-882F-911C3BAAE393}
	EndGlobalSection
EndGlobal
