
Microsoft Visual Studio Solution File, Format Version 12.00
# Visual Studio Version 17
VisualStudioVersion = 17.11.35222.181
MinimumVisualStudioVersion = 10.0.40219.1
Project("{FAE04EC0-301F-11D3-BF4B-00C04F79EFBC}") = "WEEK03_01", "WEEK03_01\WEEK03_01.csproj", "{FFC81E96-E0A7-45AE-B092-E4D22D201D4D}"
EndProject
Project("{FAE04EC0-301F-11D3-BF4B-00C04F79EFBC}") = "WEEK03_02", "WEEK03_02\WEEK03_02.csproj", "{1465A6D6-289A-45E4-BD7E-23B52D51EA7B}"
EndProject
Project("{FAE04EC0-301F-11D3-BF4B-00C04F79EFBC}") = "WEEK03_03", "WEEK03_03\WEEK03_03.csproj", "{05388D0B-0F8A-4C32-AD7D-BBF3552D5596}"
EndProject
Project("{FAE04EC0-301F-11D3-BF4B-00C04F79EFBC}") = "WEEK04_02", "WEEK04_02\WEEK04_02.csproj", "{27D1F2D0-CE6A-4287-A4C9-4E3CD6C5D514}"
EndProject
Project("{FAE04EC0-301F-11D3-BF4B-00C04F79EFBC}") = "WEEK04_03", "WEEK04_03\WEEK04_03.csproj", "{069803C4-4C8A-4AF2-8066-BCF3B65F65BF}"
EndProject
Project("{FAE04EC0-301F-11D3-BF4B-00C04F79EFBC}") = "WEEK04_01", "WEEK04_01\WEEK04_01.csproj", "{699C7E8D-C5AE-4600-B31F-8099EEBF535C}"
EndProject
Project("{FAE04EC0-301F-11D3-BF4B-00C04F79EFBC}") = "WEEK05_01", "WEEK05_01\WEEK05_01.csproj", "{38EEBBAF-C827-4430-9BD4-2549432F5CB9}"
EndProject
Project("{FAE04EC0-301F-11D3-BF4B-00C04F79EFBC}") = "WEEK05_02", "WEEK05_02\WEEK05_02.csproj", "{941D43B8-D61B-452A-B695-4AFEDAF1FDF2}"
EndProject
Project("{FAE04EC0-301F-11D3-BF4B-00C04F79EFBC}") = "WEEK06_01", "WEEK06_01\WEEK06_01.csproj", "{67261FE3-5EE7-4049-9CD2-0596CB492853}"
EndProject
Project("{FAE04EC0-301F-11D3-BF4B-00C04F79EFBC}") = "WEEK07_01", "WEEK07_01\WEEK07_01.csproj", "{3308DC87-304C-423E-8168-E5612CA1C3BE}"
EndProject
Project("{FAE04EC0-301F-11D3-BF4B-00C04F79EFBC}") = "WEEK09_01", "WEEK09_01\WEEK09_01.csproj", "{892B4C32-8E2E-49CD-BF57-0D3D4F5A7AC9}"
EndProject
Project("{FAE04EC0-301F-11D3-BF4B-00C04F79EFBC}") = "WEEK09_02", "WEEK09_02\WEEK09_02.csproj", "{01F1760E-C902-49A3-B2B7-146249169395}"
EndProject
Project("{FAE04EC0-301F-11D3-BF4B-00C04F79EFBC}") = "WEEK09_03", "WEEK09_03\WEEK09_03.csproj", "{18DD932B-D46E-46DD-8A02-86E7E2872799}"
EndProject
Project("{FAE04EC0-301F-11D3-BF4B-00C04F79EFBC}") = "WEEK09_04", "WEEK09_04\WEEK09_04.csproj", "{33DEB747-6705-4162-85E9-39DF86FF764D}"
EndProject
Project("{FAE04EC0-301F-11D3-BF4B-00C04F79EFBC}") = "WEEK09_05", "WEEK09_05\WEEK09_05.csproj", "{AD798EDD-6D12-4639-AFCF-26C7F6D13E4C}"
EndProject
Project("{FAE04EC0-301F-11D3-BF4B-00C04F79EFBC}") = "WEEK09_06", "WEEK09_06\WEEK09_06.csproj", "{BBCFAE89-6A55-4F48-9644-C3D820040DC6}"
EndProject
Project("{FAE04EC0-301F-11D3-BF4B-00C04F79EFBC}") = "WEEK09_07", "WEEK09_07\WEEK09_07.csproj", "{43EAC35C-A53E-4F9F-A0A3-23B855DD50A5}"
EndProject
Project("{FAE04EC0-301F-11D3-BF4B-00C04F79EFBC}") = "WEEK12_n", "WEEK12_n\WEEK12_n.csproj", "{23F47D65-F937-4823-8502-A97A34DC2019}"
EndProject
Global
	GlobalSection(SolutionConfigurationPlatforms) = preSolution
		Debug|Any CPU = Debug|Any CPU
		Release|Any CPU = Release|Any CPU
	EndGlobalSection
	GlobalSection(ProjectConfigurationPlatforms) = postSolution
		{FFC81E96-E0A7-45AE-B092-E4D22D201D4D}.Debug|Any CPU.ActiveCfg = Debug|Any CPU
		{FFC81E96-E0A7-45AE-B092-E4D22D201D4D}.Debug|Any CPU.Build.0 = Debug|Any CPU
		{FFC81E96-E0A7-45AE-B092-E4D22D201D4D}.Release|Any CPU.ActiveCfg = Release|Any CPU
		{FFC81E96-E0A7-45AE-B092-E4D22D201D4D}.Release|Any CPU.Build.0 = Release|Any CPU
		{1465A6D6-289A-45E4-BD7E-23B52D51EA7B}.Debug|Any CPU.ActiveCfg = Debug|Any CPU
		{1465A6D6-289A-45E4-BD7E-23B52D51EA7B}.Debug|Any CPU.Build.0 = Debug|Any CPU
		{1465A6D6-289A-45E4-BD7E-23B52D51EA7B}.Release|Any CPU.ActiveCfg = Release|Any CPU
		{1465A6D6-289A-45E4-BD7E-23B52D51EA7B}.Release|Any CPU.Build.0 = Release|Any CPU
		{05388D0B-0F8A-4C32-AD7D-BBF3552D5596}.Debug|Any CPU.ActiveCfg = Debug|Any CPU
		{05388D0B-0F8A-4C32-AD7D-BBF3552D5596}.Debug|Any CPU.Build.0 = Debug|Any CPU
		{05388D0B-0F8A-4C32-AD7D-BBF3552D5596}.Release|Any CPU.ActiveCfg = Release|Any CPU
		{05388D0B-0F8A-4C32-AD7D-BBF3552D5596}.Release|Any CPU.Build.0 = Release|Any CPU
		{27D1F2D0-CE6A-4287-A4C9-4E3CD6C5D514}.Debug|Any CPU.ActiveCfg = Debug|Any CPU
		{27D1F2D0-CE6A-4287-A4C9-4E3CD6C5D514}.Debug|Any CPU.Build.0 = Debug|Any CPU
		{27D1F2D0-CE6A-4287-A4C9-4E3CD6C5D514}.Release|Any CPU.ActiveCfg = Release|Any CPU
		{27D1F2D0-CE6A-4287-A4C9-4E3CD6C5D514}.Release|Any CPU.Build.0 = Release|Any CPU
		{069803C4-4C8A-4AF2-8066-BCF3B65F65BF}.Debug|Any CPU.ActiveCfg = Debug|Any CPU
		{069803C4-4C8A-4AF2-8066-BCF3B65F65BF}.Debug|Any CPU.Build.0 = Debug|Any CPU
		{069803C4-4C8A-4AF2-8066-BCF3B65F65BF}.Release|Any CPU.ActiveCfg = Release|Any CPU
		{069803C4-4C8A-4AF2-8066-BCF3B65F65BF}.Release|Any CPU.Build.0 = Release|Any CPU
		{699C7E8D-C5AE-4600-B31F-8099EEBF535C}.Debug|Any CPU.ActiveCfg = Debug|Any CPU
		{699C7E8D-C5AE-4600-B31F-8099EEBF535C}.Debug|Any CPU.Build.0 = Debug|Any CPU
		{699C7E8D-C5AE-4600-B31F-8099EEBF535C}.Release|Any CPU.ActiveCfg = Release|Any CPU
		{699C7E8D-C5AE-4600-B31F-8099EEBF535C}.Release|Any CPU.Build.0 = Release|Any CPU
		{38EEBBAF-C827-4430-9BD4-2549432F5CB9}.Debug|Any CPU.ActiveCfg = Debug|Any CPU
		{38EEBBAF-C827-4430-9BD4-2549432F5CB9}.Debug|Any CPU.Build.0 = Debug|Any CPU
		{38EEBBAF-C827-4430-9BD4-2549432F5CB9}.Release|Any CPU.ActiveCfg = Release|Any CPU
		{38EEBBAF-C827-4430-9BD4-2549432F5CB9}.Release|Any CPU.Build.0 = Release|Any CPU
		{941D43B8-D61B-452A-B695-4AFEDAF1FDF2}.Debug|Any CPU.ActiveCfg = Debug|Any CPU
		{941D43B8-D61B-452A-B695-4AFEDAF1FDF2}.Debug|Any CPU.Build.0 = Debug|Any CPU
		{941D43B8-D61B-452A-B695-4AFEDAF1FDF2}.Release|Any CPU.ActiveCfg = Release|Any CPU
		{941D43B8-D61B-452A-B695-4AFEDAF1FDF2}.Release|Any CPU.Build.0 = Release|Any CPU
		{67261FE3-5EE7-4049-9CD2-0596CB492853}.Debug|Any CPU.ActiveCfg = Debug|Any CPU
		{67261FE3-5EE7-4049-9CD2-0596CB492853}.Debug|Any CPU.Build.0 = Debug|Any CPU
		{67261FE3-5EE7-4049-9CD2-0596CB492853}.Release|Any CPU.ActiveCfg = Release|Any CPU
		{67261FE3-5EE7-4049-9CD2-0596CB492853}.Release|Any CPU.Build.0 = Release|Any CPU
		{3308DC87-304C-423E-8168-E5612CA1C3BE}.Debug|Any CPU.ActiveCfg = Debug|Any CPU
		{3308DC87-304C-423E-8168-E5612CA1C3BE}.Debug|Any CPU.Build.0 = Debug|Any CPU
		{3308DC87-304C-423E-8168-E5612CA1C3BE}.Release|Any CPU.ActiveCfg = Release|Any CPU
		{3308DC87-304C-423E-8168-E5612CA1C3BE}.Release|Any CPU.Build.0 = Release|Any CPU
		{892B4C32-8E2E-49CD-BF57-0D3D4F5A7AC9}.Debug|Any CPU.ActiveCfg = Debug|Any CPU
		{892B4C32-8E2E-49CD-BF57-0D3D4F5A7AC9}.Debug|Any CPU.Build.0 = Debug|Any CPU
		{892B4C32-8E2E-49CD-BF57-0D3D4F5A7AC9}.Release|Any CPU.ActiveCfg = Release|Any CPU
		{892B4C32-8E2E-49CD-BF57-0D3D4F5A7AC9}.Release|Any CPU.Build.0 = Release|Any CPU
		{01F1760E-C902-49A3-B2B7-146249169395}.Debug|Any CPU.ActiveCfg = Debug|Any CPU
		{01F1760E-C902-49A3-B2B7-146249169395}.Debug|Any CPU.Build.0 = Debug|Any CPU
		{01F1760E-C902-49A3-B2B7-146249169395}.Release|Any CPU.ActiveCfg = Release|Any CPU
		{01F1760E-C902-49A3-B2B7-146249169395}.Release|Any CPU.Build.0 = Release|Any CPU
		{18DD932B-D46E-46DD-8A02-86E7E2872799}.Debug|Any CPU.ActiveCfg = Debug|Any CPU
		{18DD932B-D46E-46DD-8A02-86E7E2872799}.Debug|Any CPU.Build.0 = Debug|Any CPU
		{18DD932B-D46E-46DD-8A02-86E7E2872799}.Release|Any CPU.ActiveCfg = Release|Any CPU
		{18DD932B-D46E-46DD-8A02-86E7E2872799}.Release|Any CPU.Build.0 = Release|Any CPU
		{33DEB747-6705-4162-85E9-39DF86FF764D}.Debug|Any CPU.ActiveCfg = Debug|Any CPU
		{33DEB747-6705-4162-85E9-39DF86FF764D}.Debug|Any CPU.Build.0 = Debug|Any CPU
		{33DEB747-6705-4162-85E9-39DF86FF764D}.Release|Any CPU.ActiveCfg = Release|Any CPU
		{33DEB747-6705-4162-85E9-39DF86FF764D}.Release|Any CPU.Build.0 = Release|Any CPU
		{AD798EDD-6D12-4639-AFCF-26C7F6D13E4C}.Debug|Any CPU.ActiveCfg = Debug|Any CPU
		{AD798EDD-6D12-4639-AFCF-26C7F6D13E4C}.Debug|Any CPU.Build.0 = Debug|Any CPU
		{AD798EDD-6D12-4639-AFCF-26C7F6D13E4C}.Release|Any CPU.ActiveCfg = Release|Any CPU
		{AD798EDD-6D12-4639-AFCF-26C7F6D13E4C}.Release|Any CPU.Build.0 = Release|Any CPU
		{BBCFAE89-6A55-4F48-9644-C3D820040DC6}.Debug|Any CPU.ActiveCfg = Debug|Any CPU
		{BBCFAE89-6A55-4F48-9644-C3D820040DC6}.Debug|Any CPU.Build.0 = Debug|Any CPU
		{BBCFAE89-6A55-4F48-9644-C3D820040DC6}.Release|Any CPU.ActiveCfg = Release|Any CPU
		{BBCFAE89-6A55-4F48-9644-C3D820040DC6}.Release|Any CPU.Build.0 = Release|Any CPU
		{43EAC35C-A53E-4F9F-A0A3-23B855DD50A5}.Debug|Any CPU.ActiveCfg = Debug|Any CPU
		{43EAC35C-A53E-4F9F-A0A3-23B855DD50A5}.Debug|Any CPU.Build.0 = Debug|Any CPU
		{43EAC35C-A53E-4F9F-A0A3-23B855DD50A5}.Release|Any CPU.ActiveCfg = Release|Any CPU
		{43EAC35C-A53E-4F9F-A0A3-23B855DD50A5}.Release|Any CPU.Build.0 = Release|Any CPU
		{23F47D65-F937-4823-8502-A97A34DC2019}.Debug|Any CPU.ActiveCfg = Debug|Any CPU
		{23F47D65-F937-4823-8502-A97A34DC2019}.Debug|Any CPU.Build.0 = Debug|Any CPU
		{23F47D65-F937-4823-8502-A97A34DC2019}.Release|Any CPU.ActiveCfg = Release|Any CPU
		{23F47D65-F937-4823-8502-A97A34DC2019}.Release|Any CPU.Build.0 = Release|Any CPU
	EndGlobalSection
	GlobalSection(SolutionProperties) = preSolution
		HideSolutionNode = FALSE
	EndGlobalSection
	GlobalSection(ExtensibilityGlobals) = postSolution
		SolutionGuid = {8223630C-35A2-4B41-A1FE-FA4A58DB3B43}
	EndGlobalSection
EndGlobal
